
Microsoft Visual Studio Solution File, Format Version 12.00
# Visual Studio Version 17
VisualStudioVersion = 17.4.33213.308
MinimumVisualStudioVersion = 10.0.40219.1
Project("{9A19103F-16F7-4668-BE54-9A1E7A4F7556}") = "BulkyBookWeb", "BulkyBookWeb\BulkyBookWeb.csproj", "{C7E3D5EC-5C6C-44E5-BAF2-F7F61654FD17}"
EndProject
Project("{FAE04EC0-301F-11D3-BF4B-00C04F79EFBC}") = "BulkyBook.DataAccess", "BulkyBook.DataAccess\BulkyBook.DataAccess.csproj", "{15C6794C-00C2-4B06-98E9-AE83A35D1932}"
EndProject
Project("{FAE04EC0-301F-11D3-BF4B-00C04F79EFBC}") = "BulkyBook.Models", "BulkyBook.Models\BulkyBook.Models.csproj", "{BD637985-8870-40F7-A7AE-D6CD51F01A1B}"
EndProject
Project("{FAE04EC0-301F-11D3-BF4B-00C04F79EFBC}") = "BulkyBook.Utility", "BulkyBook.Utility\BulkyBook.Utility.csproj", "{3C0B4E72-9A1D-407D-B563-B2261A977ACE}"
EndProject
Global
	GlobalSection(SolutionConfigurationPlatforms) = preSolution
		Debug|Any CPU = Debug|Any CPU
		Release|Any CPU = Release|Any CPU
	EndGlobalSection
	GlobalSection(ProjectConfigurationPlatforms) = postSolution
		{C7E3D5EC-5C6C-44E5-BAF2-F7F61654FD17}.Debug|Any CPU.ActiveCfg = Debug|Any CPU
		{C7E3D5EC-5C6C-44E5-BAF2-F7F61654FD17}.Debug|Any CPU.Build.0 = Debug|Any CPU
		{C7E3D5EC-5C6C-44E5-BAF2-F7F61654FD17}.Release|Any CPU.ActiveCfg = Release|Any CPU
		{C7E3D5EC-5C6C-44E5-BAF2-F7F61654FD17}.Release|Any CPU.Build.0 = Release|Any CPU
		{15C6794C-00C2-4B06-98E9-AE83A35D1932}.Debug|Any CPU.ActiveCfg = Debug|Any CPU
		{15C6794C-00C2-4B06-98E9-AE83A35D1932}.Debug|Any CPU.Build.0 = Debug|Any CPU
		{15C6794C-00C2-4B06-98E9-AE83A35D1932}.Release|Any CPU.ActiveCfg = Release|Any CPU
		{15C6794C-00C2-4B06-98E9-AE83A35D1932}.Release|Any CPU.Build.0 = Release|Any CPU
		{BD637985-8870-40F7-A7AE-D6CD51F01A1B}.Debug|Any CPU.ActiveCfg = Debug|Any CPU
		{BD637985-8870-40F7-A7AE-D6CD51F01A1B}.Debug|Any CPU.Build.0 = Debug|Any CPU
		{BD637985-8870-40F7-A7AE-D6CD51F01A1B}.Release|Any CPU.ActiveCfg = Release|Any CPU
		{BD637985-8870-40F7-A7AE-D6CD51F01A1B}.Release|Any CPU.Build.0 = Release|Any CPU
		{3C0B4E72-9A1D-407D-B563-B2261A977ACE}.Debug|Any CPU.ActiveCfg = Debug|Any CPU
		{3C0B4E72-9A1D-407D-B563-B2261A977ACE}.Debug|Any CPU.Build.0 = Debug|Any CPU
		{3C0B4E72-9A1D-407D-B563-B2261A977ACE}.Release|Any CPU.ActiveCfg = Release|Any CPU
		{3C0B4E72-9A1D-407D-B563-B2261A977ACE}.Release|Any CPU.Build.0 = Release|Any CPU
	EndGlobalSection
	GlobalSection(SolutionProperties) = preSolution
		HideSolutionNode = FALSE
	EndGlobalSection
	GlobalSection(ExtensibilityGlobals) = postSolution
		SolutionGuid = {ECA50334-8F77-4FA2-B6CA-482B2F52055A}
	EndGlobalSection
EndGlobal
